
Microsoft Visual Studio Solution File, Format Version 12.00
# Visual Studio Version 17
VisualStudioVersion = 17.8.34309.116
MinimumVisualStudioVersion = 10.0.40219.1
Project("{FAE04EC0-301F-11D3-BF4B-00C04F79EFBC}") = "ThomasGregChallenge", "ThomasGregChallenge\ThomasGregChallenge.csproj", "{359A0CDC-DA1C-42B1-80D4-8184065FD048}"
EndProject
Project("{2150E333-8FDC-42A3-9474-1A3956D46DE8}") = "src", "src", "{FB10677F-C530-476A-83A9-6ED4F110A0C4}"
EndProject
Project("{2150E333-8FDC-42A3-9474-1A3956D46DE8}") = "01-Api", "01-Api", "{486DC8B3-0253-4D6D-B593-DAC13B4E0BA8}"
EndProject
Project("{2150E333-8FDC-42A3-9474-1A3956D46DE8}") = "02-Application", "02-Application", "{E073D315-FA90-4878-8B57-E813EA7CCE62}"
EndProject
Project("{2150E333-8FDC-42A3-9474-1A3956D46DE8}") = "03-Domain", "03-Domain", "{C7BDB9EE-9DDF-4EB4-92AB-9E197EFF86EA}"
EndProject
Project("{2150E333-8FDC-42A3-9474-1A3956D46DE8}") = "04-Infrastructure", "04-Infrastructure", "{4063DA11-B956-41EC-9C87-165F91645655}"
EndProject
Project("{FAE04EC0-301F-11D3-BF4B-00C04F79EFBC}") = "ThomasGregChallenge.Infrastructure", "ThomasGregChallenge.Infrastructure\ThomasGregChallenge.Infrastructure.csproj", "{C604A30C-0A8A-4915-9BA9-A384A8A4FEE3}"
EndProject
Project("{FAE04EC0-301F-11D3-BF4B-00C04F79EFBC}") = "ThomasGregChallenge.Domain", "ThomasGregChallenge.Domain\ThomasGregChallenge.Domain.csproj", "{8C208721-A776-4EBB-B05F-1E5B8B7967BC}"
EndProject
Project("{FAE04EC0-301F-11D3-BF4B-00C04F79EFBC}") = "ThomasGregChallenge.Application", "ThomasGregChallenge.Application\ThomasGregChallenge.Application.csproj", "{1F0008DF-B6FC-414C-896F-94BFF0F8C939}"
EndProject
Project("{E53339B2-1760-4266-BCC7-CA923CBCF16C}") = "docker-compose", "docker-compose.dcproj", "{E73A795E-1537-4957-9FAD-B1D9C17B60DF}"
EndProject
Global
	GlobalSection(SolutionConfigurationPlatforms) = preSolution
		Debug|Any CPU = Debug|Any CPU
		Release|Any CPU = Release|Any CPU
	EndGlobalSection
	GlobalSection(ProjectConfigurationPlatforms) = postSolution
		{359A0CDC-DA1C-42B1-80D4-8184065FD048}.Debug|Any CPU.ActiveCfg = Debug|Any CPU
		{359A0CDC-DA1C-42B1-80D4-8184065FD048}.Debug|Any CPU.Build.0 = Debug|Any CPU
		{359A0CDC-DA1C-42B1-80D4-8184065FD048}.Release|Any CPU.ActiveCfg = Release|Any CPU
		{359A0CDC-DA1C-42B1-80D4-8184065FD048}.Release|Any CPU.Build.0 = Release|Any CPU
		{C604A30C-0A8A-4915-9BA9-A384A8A4FEE3}.Debug|Any CPU.ActiveCfg = Debug|Any CPU
		{C604A30C-0A8A-4915-9BA9-A384A8A4FEE3}.Debug|Any CPU.Build.0 = Debug|Any CPU
		{C604A30C-0A8A-4915-9BA9-A384A8A4FEE3}.Release|Any CPU.ActiveCfg = Release|Any CPU
		{C604A30C-0A8A-4915-9BA9-A384A8A4FEE3}.Release|Any CPU.Build.0 = Release|Any CPU
		{8C208721-A776-4EBB-B05F-1E5B8B7967BC}.Debug|Any CPU.ActiveCfg = Debug|Any CPU
		{8C208721-A776-4EBB-B05F-1E5B8B7967BC}.Debug|Any CPU.Build.0 = Debug|Any CPU
		{8C208721-A776-4EBB-B05F-1E5B8B7967BC}.Release|Any CPU.ActiveCfg = Release|Any CPU
		{8C208721-A776-4EBB-B05F-1E5B8B7967BC}.Release|Any CPU.Build.0 = Release|Any CPU
		{1F0008DF-B6FC-414C-896F-94BFF0F8C939}.Debug|Any CPU.ActiveCfg = Debug|Any CPU
		{1F0008DF-B6FC-414C-896F-94BFF0F8C939}.Debug|Any CPU.Build.0 = Debug|Any CPU
		{1F0008DF-B6FC-414C-896F-94BFF0F8C939}.Release|Any CPU.ActiveCfg = Release|Any CPU
		{1F0008DF-B6FC-414C-896F-94BFF0F8C939}.Release|Any CPU.Build.0 = Release|Any CPU
		{E73A795E-1537-4957-9FAD-B1D9C17B60DF}.Debug|Any CPU.ActiveCfg = Debug|Any CPU
		{E73A795E-1537-4957-9FAD-B1D9C17B60DF}.Debug|Any CPU.Build.0 = Debug|Any CPU
		{E73A795E-1537-4957-9FAD-B1D9C17B60DF}.Release|Any CPU.ActiveCfg = Release|Any CPU
		{E73A795E-1537-4957-9FAD-B1D9C17B60DF}.Release|Any CPU.Build.0 = Release|Any CPU
	EndGlobalSection
	GlobalSection(SolutionProperties) = preSolution
		HideSolutionNode = FALSE
	EndGlobalSection
	GlobalSection(NestedProjects) = preSolution
		{359A0CDC-DA1C-42B1-80D4-8184065FD048} = {486DC8B3-0253-4D6D-B593-DAC13B4E0BA8}
		{486DC8B3-0253-4D6D-B593-DAC13B4E0BA8} = {FB10677F-C530-476A-83A9-6ED4F110A0C4}
		{E073D315-FA90-4878-8B57-E813EA7CCE62} = {FB10677F-C530-476A-83A9-6ED4F110A0C4}
		{C7BDB9EE-9DDF-4EB4-92AB-9E197EFF86EA} = {FB10677F-C530-476A-83A9-6ED4F110A0C4}
		{4063DA11-B956-41EC-9C87-165F91645655} = {FB10677F-C530-476A-83A9-6ED4F110A0C4}
		{C604A30C-0A8A-4915-9BA9-A384A8A4FEE3} = {4063DA11-B956-41EC-9C87-165F91645655}
		{8C208721-A776-4EBB-B05F-1E5B8B7967BC} = {C7BDB9EE-9DDF-4EB4-92AB-9E197EFF86EA}
		{1F0008DF-B6FC-414C-896F-94BFF0F8C939} = {E073D315-FA90-4878-8B57-E813EA7CCE62}
	EndGlobalSection
	GlobalSection(ExtensibilityGlobals) = postSolution
		SolutionGuid = {BF5206E9-D8FB-4D07-BBA2-71E8573CF5F0}
	EndGlobalSection
EndGlobal
